
Microsoft Visual Studio Solution File, Format Version 12.00
# Visual Studio Version 16
VisualStudioVersion = 16.0.30503.244
MinimumVisualStudioVersion = 10.0.40219.1
Project("{FAE04EC0-301F-11D3-BF4B-00C04F79EFBC}") = "BaseDatosSQL", "BaseDatosSQL\BaseDatosSQL.csproj", "{A230B584-7FC8-4E1A-AF2B-0493DF9FB8A5}"
EndProject
Global
	GlobalSection(SolutionConfigurationPlatforms) = preSolution
		Debug|Any CPU = Debug|Any CPU
		Release|Any CPU = Release|Any CPU
	EndGlobalSection
	GlobalSection(ProjectConfigurationPlatforms) = postSolution
		{A230B584-7FC8-4E1A-AF2B-0493DF9FB8A5}.Debug|Any CPU.ActiveCfg = Debug|Any CPU
		{A230B584-7FC8-4E1A-AF2B-0493DF9FB8A5}.Debug|Any CPU.Build.0 = Debug|Any CPU
		{A230B584-7FC8-4E1A-AF2B-0493DF9FB8A5}.Release|Any CPU.ActiveCfg = Release|Any CPU
		{A230B584-7FC8-4E1A-AF2B-0493DF9FB8A5}.Release|Any CPU.Build.0 = Release|Any CPU
	EndGlobalSection
	GlobalSection(SolutionProperties) = preSolution
		HideSolutionNode = FALSE
	EndGlobalSection
	GlobalSection(ExtensibilityGlobals) = postSolution
		SolutionGuid = {25925272-1116-4BFA-BB97-A2B322B1B8E6}
	EndGlobalSection
EndGlobal
